
Microsoft Visual Studio Solution File, Format Version 12.00
# Visual Studio Version 16
VisualStudioVersion = 16.0.30330.147
MinimumVisualStudioVersion = 10.0.40219.1
Project("{FAE04EC0-301F-11D3-BF4B-00C04F79EFBC}") = "WebSite", "WebSite\WebSite.csproj", "{782FABE4-F140-4772-92EB-6DB61C2AC795}"
EndProject
Project("{FAE04EC0-301F-11D3-BF4B-00C04F79EFBC}") = "WebServices", "WebServices\WebServices.csproj", "{40F1789D-5746-488B-BD1A-3348B7955B16}"
EndProject
Global
	GlobalSection(SolutionConfigurationPlatforms) = preSolution
		Debug|Any CPU = Debug|Any CPU
		Release|Any CPU = Release|Any CPU
	EndGlobalSection
	GlobalSection(ProjectConfigurationPlatforms) = postSolution
		{782FABE4-F140-4772-92EB-6DB61C2AC795}.Debug|Any CPU.ActiveCfg = Debug|Any CPU
		{782FABE4-F140-4772-92EB-6DB61C2AC795}.Debug|Any CPU.Build.0 = Debug|Any CPU
		{782FABE4-F140-4772-92EB-6DB61C2AC795}.Release|Any CPU.ActiveCfg = Release|Any CPU
		{782FABE4-F140-4772-92EB-6DB61C2AC795}.Release|Any CPU.Build.0 = Release|Any CPU
		{40F1789D-5746-488B-BD1A-3348B7955B16}.Debug|Any CPU.ActiveCfg = Debug|Any CPU
		{40F1789D-5746-488B-BD1A-3348B7955B16}.Debug|Any CPU.Build.0 = Debug|Any CPU
		{40F1789D-5746-488B-BD1A-3348B7955B16}.Release|Any CPU.ActiveCfg = Release|Any CPU
		{40F1789D-5746-488B-BD1A-3348B7955B16}.Release|Any CPU.Build.0 = Release|Any CPU
	EndGlobalSection
	GlobalSection(SolutionProperties) = preSolution
		HideSolutionNode = FALSE
	EndGlobalSection
	GlobalSection(ExtensibilityGlobals) = postSolution
		SolutionGuid = {4544E25F-D53B-4425-91C9-E960FB43947A}
	EndGlobalSection
EndGlobal
